{
    "_meta": {
        "hash": {
            "sha256": "c760022cab3d3cf1278ce884925fd1075f1befab1f0935d696e666295f2e3822"
        },
        "pipfile-spec": 6,
        "requires": {
            "python_version": "3.9"
        },
        "sources": [
            {
                "name": "pypi",
                "url": "https://pypi.python.org/simple",
                "verify_ssl": true
            }
        ]
    },
    "default": {
        "et-xmlfile": {
            "hashes": [
                "sha256:614d9722d572f6246302c4491846d2c393c199cfa4edc9af593437691683335b"
            ],
            "version": "==1.0.1"
        },
        "jdcal": {
            "hashes": [
                "sha256:1abf1305fce18b4e8aa248cf8fe0c56ce2032392bc64bbd61b5dff2a19ec8bba",
                "sha256:472872e096eb8df219c23f2689fc336668bdb43d194094b5cc1707e1640acfc8"
            ],
            "version": "==1.4.1"
        },
        "openpyxl": {
            "hashes": [
                "sha256:18e11f9a650128a12580a58e3daba14e00a11d9e907c554a17ea016bf1a2c71b",
                "sha256:f7d666b569f729257082cf7ddc56262431878f602dcc2bc3980775c59439cdab"
            ],
            "index": "pypi",
            "version": "==3.0.5"
        },
        "pdftotext": {
            "hashes": [
                "sha256:98aeb8b07a4127e1a30223bd933ef080bbd29aa88f801717ca6c5618380b8aa6"
            ],
            "index": "pypi",
            "version": "==2.1.5"
        }
    },
    "develop": {}
}
