[[package]]
name = "et-xmlfile"
version = "1.1.0"
description = "An implementation of lxml.xmlfile for the standard library"
category = "main"
optional = false
python-versions = ">=3.6"

[[package]]
name = "openpyxl"
version = "3.0.10"
description = "A Python library to read/write Excel 2010 xlsx/xlsm files"
category = "main"
optional = false
python-versions = ">=3.6"

[package.dependencies]
et-xmlfile = "*"

[[package]]
name = "pypdf2"
version = "2.11.1"
description = "A pure-python PDF library capable of splitting, merging, cropping, and transforming PDF files"
category = "main"
optional = false
python-versions = ">=3.6"

[package.extras]
crypto = ["PyCryptodome"]

[metadata]
lock-version = "1.1"
python-versions = "^3.10"
content-hash = "9a378a49c826071c075db1a5ae64d14ace025cd134b85610ff124b1ce949887c"

[metadata.files]
et-xmlfile = [
    {file = "et_xmlfile-1.1.0-py3-none-any.whl", hash = "sha256:a2ba85d1d6a74ef63837eed693bcb89c3f752169b0e3e7ae5b16ca5e1b3deada"},
    {file = "et_xmlfile-1.1.0.tar.gz", hash = "sha256:8eb9e2bc2f8c97e37a2dc85a09ecdcdec9d8a396530a6d5a33b30b9a92da0c5c"},
]
openpyxl = [
    {file = "openpyxl-3.0.10-py2.py3-none-any.whl", hash = "sha256:0ab6d25d01799f97a9464630abacbb34aafecdcaa0ef3cba6d6b3499867d0355"},
    {file = "openpyxl-3.0.10.tar.gz", hash = "sha256:e47805627aebcf860edb4edf7987b1309c1b3632f3750538ed962bbcc3bd7449"},
]
pypdf2 = [
    {file = "PyPDF2-2.11.1-py3-none-any.whl", hash = "sha256:7291a552ead2e7c2d556cce03bf71842fbbab478fcba13ae75ab1d59746b4dcb"},
    {file = "PyPDF2-2.11.1.tar.gz", hash = "sha256:3c7badd512c21711eb1789c2eadbf96279289c0f94452ee54a86473bfbefd732"},
]
